
Microsoft Visual Studio Solution File, Format Version 12.00
# Visual Studio 15
VisualStudioVersion = 15.0.28010.2026
MinimumVisualStudioVersion = 10.0.40219.1
Project("{FAE04EC0-301F-11D3-BF4B-00C04F79EFBC}") = "Formularz", "Formularz\Formularz.csproj", "{65957E43-27ED-47D4-80C5-E04774B97122}"
EndProject
Global
	GlobalSection(SolutionConfigurationPlatforms) = preSolution
		Debug|Any CPU = Debug|Any CPU
		Release|Any CPU = Release|Any CPU
	EndGlobalSection
	GlobalSection(ProjectConfigurationPlatforms) = postSolution
		{65957E43-27ED-47D4-80C5-E04774B97122}.Debug|Any CPU.ActiveCfg = Debug|Any CPU
		{65957E43-27ED-47D4-80C5-E04774B97122}.Debug|Any CPU.Build.0 = Debug|Any CPU
		{65957E43-27ED-47D4-80C5-E04774B97122}.Release|Any CPU.ActiveCfg = Release|Any CPU
		{65957E43-27ED-47D4-80C5-E04774B97122}.Release|Any CPU.Build.0 = Release|Any CPU
	EndGlobalSection
	GlobalSection(SolutionProperties) = preSolution
		HideSolutionNode = FALSE
	EndGlobalSection
	GlobalSection(ExtensibilityGlobals) = postSolution
		SolutionGuid = {2F5A3E56-D6AC-4B5D-B7A1-45B1D43CDC1C}
	EndGlobalSection
EndGlobal
